
Microsoft Visual Studio Solution File, Format Version 12.00
# Visual Studio Version 17
VisualStudioVersion = 17.0.32112.339
MinimumVisualStudioVersion = 10.0.40219.1
Project("{FAE04EC0-301F-11D3-BF4B-00C04F79EFBC}") = "ProjectLopushok", "ProjectLopushok\ProjectLopushok.csproj", "{8841B77D-A089-45E4-9BFF-0E948F07915B}"
EndProject
Global
	GlobalSection(SolutionConfigurationPlatforms) = preSolution
		Debug|Any CPU = Debug|Any CPU
		Release|Any CPU = Release|Any CPU
	EndGlobalSection
	GlobalSection(ProjectConfigurationPlatforms) = postSolution
		{8841B77D-A089-45E4-9BFF-0E948F07915B}.Debug|Any CPU.ActiveCfg = Debug|Any CPU
		{8841B77D-A089-45E4-9BFF-0E948F07915B}.Debug|Any CPU.Build.0 = Debug|Any CPU
		{8841B77D-A089-45E4-9BFF-0E948F07915B}.Release|Any CPU.ActiveCfg = Release|Any CPU
		{8841B77D-A089-45E4-9BFF-0E948F07915B}.Release|Any CPU.Build.0 = Release|Any CPU
	EndGlobalSection
	GlobalSection(SolutionProperties) = preSolution
		HideSolutionNode = FALSE
	EndGlobalSection
	GlobalSection(ExtensibilityGlobals) = postSolution
		SolutionGuid = {2980F351-7495-4E4F-A72A-C36703F9D26D}
	EndGlobalSection
EndGlobal
